PODS:
  - Alamofire (4.9.1)
  - AlamofireImage (3.6.0):
    - Alamofire (~> 4.9)
  - AvailableHapticFeedback (1.0.2)
  - Firebase/Core (10.5.0):
    - Firebase/CoreOnly
    - FirebaseAnalytics (~> 10.5.0)
  - Firebase/CoreOnly (10.5.0):
    - FirebaseCore (= 10.5.0)
  - Firebase/Messaging (10.5.0):
    - Firebase/CoreOnly
    - FirebaseMessaging (~> 10.5.0)
  - FirebaseAnalytics (10.5.0):
    - FirebaseAnalytics/AdIdSupport (= 10.5.0)
    - FirebaseCore (~> 10.0)
    - FirebaseInstallations (~> 10.0)
    - GoogleUtilities/AppDelegateSwizzler (~> 7.8)
    - GoogleUtilities/MethodSwizzler (~> 7.8)
    - GoogleUtilities/Network (~> 7.8)
    - "GoogleUtilities/NSData+zlib (~> 7.8)"
    - nanopb (< 2.30910.0, >= 2.30908.0)
  - FirebaseAnalytics/AdIdSupport (10.5.0):
    - FirebaseCore (~> 10.0)
    - FirebaseInstallations (~> 10.0)
    - GoogleAppMeasurement (= 10.5.0)
    - GoogleUtilities/AppDelegateSwizzler (~> 7.8)
    - GoogleUtilities/MethodSwizzler (~> 7.8)
    - GoogleUtilities/Network (~> 7.8)
    - "GoogleUtilities/NSData+zlib (~> 7.8)"
    - nanopb (< 2.30910.0, >= 2.30908.0)
  - FirebaseCore (10.5.0):
    - FirebaseCoreInternal (~> 10.0)
    - GoogleUtilities/Environment (~> 7.8)
    - GoogleUtilities/Logger (~> 7.8)
  - FirebaseCoreInternal (10.5.0):
    - "GoogleUtilities/NSData+zlib (~> 7.8)"
  - FirebaseInstallations (10.5.0):
    - FirebaseCore (~> 10.0)
    - GoogleUtilities/Environment (~> 7.8)
    - GoogleUtilities/UserDefaults (~> 7.8)
    - PromisesObjC (~> 2.1)
  - FirebaseMessaging (10.5.0):
    - FirebaseCore (~> 10.0)
    - FirebaseInstallations (~> 10.0)
    - GoogleDataTransport (~> 9.2)
    - GoogleUtilities/AppDelegateSwizzler (~> 7.8)
    - GoogleUtilities/Environment (~> 7.8)
    - GoogleUtilities/Reachability (~> 7.8)
    - GoogleUtilities/UserDefaults (~> 7.8)
    - nanopb (< 2.30910.0, >= 2.30908.0)
  - FSCalendar (2.8.4)
  - GoogleAppMeasurement (10.5.0):
    - GoogleAppMeasurement/AdIdSupport (= 10.5.0)
    - GoogleUtilities/AppDelegateSwizzler (~> 7.8)
    - GoogleUtilities/MethodSwizzler (~> 7.8)
    - GoogleUtilities/Network (~> 7.8)
    - "GoogleUtilities/NSData+zlib (~> 7.8)"
    - nanopb (< 2.30910.0, >= 2.30908.0)
  - GoogleAppMeasurement/AdIdSupport (10.5.0):
    - GoogleAppMeasurement/WithoutAdIdSupport (= 10.5.0)
    - GoogleUtilities/AppDelegateSwizzler (~> 7.8)
    - GoogleUtilities/MethodSwizzler (~> 7.8)
    - GoogleUtilities/Network (~> 7.8)
    - "GoogleUtilities/NSData+zlib (~> 7.8)"
    - nanopb (< 2.30910.0, >= 2.30908.0)
  - GoogleAppMeasurement/WithoutAdIdSupport (10.5.0):
    - GoogleUtilities/AppDelegateSwizzler (~> 7.8)
    - GoogleUtilities/MethodSwizzler (~> 7.8)
    - GoogleUtilities/Network (~> 7.8)
    - "GoogleUtilities/NSData+zlib (~> 7.8)"
    - nanopb (< 2.30910.0, >= 2.30908.0)
  - GoogleDataTransport (9.2.1):
    - GoogleUtilities/Environment (~> 7.7)
    - nanopb (< 2.30910.0, >= 2.30908.0)
    - PromisesObjC (< 3.0, >= 1.2)
  - GoogleUtilities/AppDelegateSwizzler (7.11.0):
    - GoogleUtilities/Environment
    - GoogleUtilities/Logger
    - GoogleUtilities/Network
  - GoogleUtilities/Environment (7.11.0):
    - PromisesObjC (< 3.0, >= 1.2)
  - GoogleUtilities/Logger (7.11.0):
    - GoogleUtilities/Environment
  - GoogleUtilities/MethodSwizzler (7.11.0):
    - GoogleUtilities/Logger
  - GoogleUtilities/Network (7.11.0):
    - GoogleUtilities/Logger
    - "GoogleUtilities/NSData+zlib"
    - GoogleUtilities/Reachability
  - "GoogleUtilities/NSData+zlib (7.11.0)"
  - GoogleUtilities/Reachability (7.11.0):
    - GoogleUtilities/Logger
  - GoogleUtilities/UserDefaults (7.11.0):
    - GoogleUtilities/Logger
  - iOSDropDown (0.4.0)
  - Koyomi (1.2.7)
  - Moya (13.0.1):
    - Moya/Core (= 13.0.1)
  - Moya/Core (13.0.1):
    - Alamofire (~> 4.1)
    - Result (~> 4.1)
  - MultiSlider (1.13.2):
    - AvailableHapticFeedback
    - SweeterSwift
  - nanopb (2.30909.0):
    - nanopb/decode (= 2.30909.0)
    - nanopb/encode (= 2.30909.0)
  - nanopb/decode (2.30909.0)
  - nanopb/encode (2.30909.0)
  - PromisesObjC (2.1.1)
  - Pulsator (0.6.0)
  - Result (4.1.0)
  - RoundCoachMark (1.0.2)
  - RxBlocking (6.5.0):
    - RxSwift (= 6.5.0)
  - RxCocoa (6.5.0):
    - RxRelay (= 6.5.0)
    - RxSwift (= 6.5.0)
  - RxRelay (6.5.0):
    - RxSwift (= 6.5.0)
  - RxSwift (6.5.0)
  - RxTest (6.5.0):
    - RxSwift (= 6.5.0)
  - SideMenu (6.5.0)
  - SnapKit (5.0.1)
  - SweeterSwift (1.2.1)
  - Toast-Swift (5.0.1)
  - YandexMapKit (3.4):
    - YandexRuntime (= 3.4)
  - YandexRuntime (3.4)

DEPENDENCIES:
  - AlamofireImage (~> 3.0)
  - Firebase/Core
  - Firebase/Messaging
  - FSCalendar
  - iOSDropDown
  - Koyomi
  - Moya (~> 13.0.0)
  - MultiSlider
  - Pulsator
  - RoundCoachMark
  - RxBlocking
  - RxCocoa
  - RxSwift
  - RxTest
  - SideMenu
  - SnapKit (~> 5.0.0)
  - Toast-Swift
  - YandexMapKit (= 3.4)

SPEC REPOS:
  trunk:
    - Alamofire
    - AlamofireImage
    - AvailableHapticFeedback
    - Firebase
    - FirebaseAnalytics
    - FirebaseCore
    - FirebaseCoreInternal
    - FirebaseInstallations
    - FirebaseMessaging
    - FSCalendar
    - GoogleAppMeasurement
    - GoogleDataTransport
    - GoogleUtilities
    - iOSDropDown
    - Koyomi
    - Moya
    - MultiSlider
    - nanopb
    - PromisesObjC
    - Pulsator
    - Result
    - RoundCoachMark
    - RxBlocking
    - RxCocoa
    - RxRelay
    - RxSwift
    - RxTest
    - SideMenu
    - SnapKit
    - SweeterSwift
    - Toast-Swift
    - YandexMapKit
    - YandexRuntime

SPEC CHECKSUMS:
  Alamofire: 85e8a02c69d6020a0d734f6054870d7ecb75cf18
  AlamofireImage: be9963c6582d68b39e89191f64c82a7d7bf40fdd
  AvailableHapticFeedback: 9b21b9f6d3e4566015988b5de35b40abefe6c09a
  Firebase: 3d6637234ab163e31852834617b4fe1df3b7af6d
  FirebaseAnalytics: 6f7430030cb6b22fe1db2e3bed782e999b76dc00
  FirebaseCore: 324b8d182d9ff7e3f6d1fa2f04b082d1c7a3e366
  FirebaseCoreInternal: e463f41bb935cd049505bf7e9a5bdd7dcea90df6
  FirebaseInstallations: 935bc4abb6f7a035cab7a0c31cb777b2be3dd254
  FirebaseMessaging: 35ecbbc68ff547fca80f9326c9622e79288c7149
  FSCalendar: 2d1d0d9398f12d439f55c1fe0f01525b151b8260
  GoogleAppMeasurement: 40c70a7d89013f0eca72006c4b9732163ea4cdae
  GoogleDataTransport: ea169759df570f4e37bdee1623ec32a7e64e67c4
  GoogleUtilities: c2bdc4cf2ce786c4d2e6b3bcfd599a25ca78f06f
  iOSDropDown: ce9daa584eaa5567cafc1b633e3cc7eb6d9cea42
  Koyomi: f03615b8d2bb5a5a4752c6404a9794ed7ef7b327
  Moya: f4a4b80ff2f8a4ffc208dfb31cd91636622fee6e
  MultiSlider: 66271d410330e63ded9e468d4ef420d5dbe31d2e
  nanopb: b552cce312b6c8484180ef47159bc0f65a1f0431
  PromisesObjC: ab77feca74fa2823e7af4249b8326368e61014cb
  Pulsator: eb5a9f9be4bdcbd19903984c65deca6aabe50a17
  Result: bd966fac789cc6c1563440b348ab2598cc24d5c7
  RoundCoachMark: b3b00eb04ef90654af6f7ab50b3ed03ed2901467
  RxBlocking: 04b5fd28bb5ea49f7d64b80db8bbfe50d9cc1c7d
  RxCocoa: 94f817b71c07517321eb4f9ad299112ca8af743b
  RxRelay: 1de1523e604c72b6c68feadedd1af3b1b4d0ecbd
  RxSwift: 5710a9e6b17f3c3d6e40d6e559b9fa1e813b2ef8
  RxTest: eb2d23adefc5a5ebf5779c7792fa3edfe6ebcc17
  SideMenu: f583187d21c5b1dd04c72002be544b555a2627a2
  SnapKit: 97b92857e3df3a0c71833cce143274bf6ef8e5eb
  SweeterSwift: 61baeda1c0c27d1dc57c8112c3d6a82e5aff3139
  Toast-Swift: 9b6a70f28b3bf0b96c40d46c0c4b9d6639846711
  YandexMapKit: f222923561fe159dd8480d927f61950fc5ff3b8d
  YandexRuntime: 2547d72a3ce4757f16ad188cfbe8a124ae13d806

PODFILE CHECKSUM: 0920a0cd3a09cc9723ec43f9afcb3b0b8de2f150

COCOAPODS: 1.11.2
